
Microsoft Visual Studio Solution File, Format Version 12.00
# Visual Studio 15
VisualStudioVersion = 15.0.26430.6
MinimumVisualStudioVersion = 10.0.40219.1
Project("{9A19103F-16F7-4668-BE54-9A1E7A4F7556}") = "CoreApp", "CoreApp\CoreApp.csproj", "{2B068CC7-3190-46F6-983C-B0A7CB07C2C4}"
EndProject
Project("{9A19103F-16F7-4668-BE54-9A1E7A4F7556}") = "CoreAppTests", "CoreAppTests\CoreAppTests.csproj", "{FCEB890C-7FC1-4581-805A-7D8188761D4A}"
EndProject
Project("{9A19103F-16F7-4668-BE54-9A1E7A4F7556}") = "CoreApp.Serverless", "CoreApp.Serverless\CoreApp.Serverless.csproj", "{8A6BCED3-1A56-4BDF-A7AE-86A994C98EA2}"
	ProjectSection(ProjectDependencies) = postProject
		{2B068CC7-3190-46F6-983C-B0A7CB07C2C4} = {2B068CC7-3190-46F6-983C-B0A7CB07C2C4}
	EndProjectSection
EndProject
Global
	GlobalSection(SolutionConfigurationPlatforms) = preSolution
		Debug|Any CPU = Debug|Any CPU
		Release|Any CPU = Release|Any CPU
	EndGlobalSection
	GlobalSection(ProjectConfigurationPlatforms) = postSolution
		{2B068CC7-3190-46F6-983C-B0A7CB07C2C4}.Debug|Any CPU.ActiveCfg = Debug|Any CPU
		{2B068CC7-3190-46F6-983C-B0A7CB07C2C4}.Debug|Any CPU.Build.0 = Debug|Any CPU
		{2B068CC7-3190-46F6-983C-B0A7CB07C2C4}.Release|Any CPU.ActiveCfg = Release|Any CPU
		{2B068CC7-3190-46F6-983C-B0A7CB07C2C4}.Release|Any CPU.Build.0 = Release|Any CPU
		{FCEB890C-7FC1-4581-805A-7D8188761D4A}.Debug|Any CPU.ActiveCfg = Debug|Any CPU
		{FCEB890C-7FC1-4581-805A-7D8188761D4A}.Debug|Any CPU.Build.0 = Debug|Any CPU
		{FCEB890C-7FC1-4581-805A-7D8188761D4A}.Release|Any CPU.ActiveCfg = Release|Any CPU
		{FCEB890C-7FC1-4581-805A-7D8188761D4A}.Release|Any CPU.Build.0 = Release|Any CPU
		{8A6BCED3-1A56-4BDF-A7AE-86A994C98EA2}.Debug|Any CPU.ActiveCfg = Debug|Any CPU
		{8A6BCED3-1A56-4BDF-A7AE-86A994C98EA2}.Debug|Any CPU.Build.0 = Debug|Any CPU
		{8A6BCED3-1A56-4BDF-A7AE-86A994C98EA2}.Release|Any CPU.ActiveCfg = Release|Any CPU
		{8A6BCED3-1A56-4BDF-A7AE-86A994C98EA2}.Release|Any CPU.Build.0 = Release|Any CPU
	EndGlobalSection
	GlobalSection(SolutionProperties) = preSolution
		HideSolutionNode = FALSE
	EndGlobalSection
	GlobalSection(ExtensibilityGlobals) = postSolution
		SolutionGuid = {52AB6A63-6BE6-4940-AB0C-1A7C4226E667}
	EndGlobalSection
EndGlobal
